PODS:
  - FBSnapshotTestCase (2.1.4):
    - FBSnapshotTestCase/SwiftSupport (= 2.1.4)
  - FBSnapshotTestCase/Core (2.1.4)
  - FBSnapshotTestCase/SwiftSupport (2.1.4):
    - FBSnapshotTestCase/Core
  - GMSandboxTool (0.2.0)

DEPENDENCIES:
  - FBSnapshotTestCase
  - GMSandboxTool (from `../`)

SPEC REPOS:
  https://github.com/cocoapods/specs.git:
    - FBSnapshotTestCase

EXTERNAL SOURCES:
  GMSandboxTool:
    :path: "../"

SPEC CHECKSUMS:
  FBSnapshotTestCase: 094f9f314decbabe373b87cc339bea235a63e07a
  GMSandboxTool: f03d1e5549483c898a8eed9a37a47be98c88e9e0

PODFILE CHECKSUM: 572308a7b84774d4e86cb919591c7cbd8a3630a6

COCOAPODS: 1.5.3
